// !$*UTF8*$!
{
	archiveVersion = 1;
	classes = {
	};
	objectVersion = 55;
	objects = {

/* Begin PBXBuildFile section */
		CC24D9B62760B72600B2529B /* AppDelegate.swift in Sources */ = {isa = PBXBuildFile; fileRef = CC24D9B52760B72600B2529B /* AppDelegate.swift */; };
		CC24D9B82760B72600B2529B /* SceneDelegate.swift in Sources */ = {isa = PBXBuildFile; fileRef = CC24D9B72760B72600B2529B /* SceneDelegate.swift */; };
		CC24D9BA2760B72600B2529B /* ViewController.swift in Sources */ = {isa = PBXBuildFile; fileRef = CC24D9B92760B72600B2529B /* ViewController.swift */; };
		CC24D9BD2760B72600B2529B /* Main.storyboard in Resources */ = {isa = PBXBuildFile; fileRef = CC24D9BB2760B72600B2529B /* Main.storyboard */; };
		CC24D9BF2760B72700B2529B /* Assets.xcassets in Resources */ = {isa = PBXBuildFile; fileRef = CC24D9BE2760B72700B2529B /* Assets.xcassets */; };
		CC24D9C22760B72700B2529B /* LaunchScreen.storyboard in Resources */ = {isa = PBXBuildFile; fileRef = CC24D9C02760B72700B2529B /* LaunchScreen.storyboard */; };
		CC24D9CD2760B72800B2529B /* BinaryCounterTests.swift in Sources */ = {isa = PBXBuildFile; fileRef = CC24D9CC2760B72800B2529B /* BinaryCounterTests.swift */; };
		CC24D9D72760B72800B2529B /* BinaryCounterUITests.swift in Sources */ = {isa = PBXBuildFile; fileRef = CC24D9D62760B72800B2529B /* BinaryCounterUITests.swift */; };
		CC24D9D92760B72800B2529B /* BinaryCounterUITestsLaunchTests.swift in Sources */ = {isa = PBXBuildFile; fileRef = CC24D9D82760B72800B2529B /* BinaryCounterUITestsLaunchTests.swift */; };
		CC24D9E72760BA8900B2529B /* BinaryTableViewCell.swift in Sources */ = {isa = PBXBuildFile; fileRef = CC24D9E62760BA8900B2529B /* BinaryTableViewCell.swift */; };
		CC24D9E92760BF5100B2529B /* BinaryCellDelegate.swift in Sources */ = {isa = PBXBuildFile; fileRef = CC24D9E82760BF5100B2529B /* BinaryCellDelegate.swift */; };
/* End PBXBuildFile section */

/* Begin PBXContainerItemProxy section */
		CC24D9C92760B72800B2529B /* PBXContainerItemProxy */ = {
			isa = PBXContainerItemProxy;
			containerPortal = CC24D9AA2760B72600B2529B /* Project object */;
			proxyType = 1;
			remoteGlobalIDString = CC24D9B12760B72600B2529B;
			remoteInfo = BinaryCounter;
		};
		CC24D9D32760B72800B2529B /* PBXContainerItemProxy */ = {
			isa = PBXContainerItemProxy;
			containerPortal = CC24D9AA2760B72600B2529B /* Project object */;
			proxyType = 1;
			remoteGlobalIDString = CC24D9B12760B72600B2529B;
			remoteInfo = BinaryCounter;
		};
/* End PBXContainerItemProxy section */

/* Begin PBXFileReference section */
		CC24D9B22760B72600B2529B /* BinaryCounter.app */ = {isa = PBXFileReference; explicitFileType = wrapper.application; includeInIndex = 0; path = BinaryCounter.app; sourceTree = BUILT_PRODUCTS_DIR; };
		CC24D9B52760B72600B2529B /* AppDelegate.swift */ = {isa = PBXFileReference; lastKnownFileType = sourcecode.swift; path = AppDelegate.swift; sourceTree = "<group>"; };
		CC24D9B72760B72600B2529B /* SceneDelegate.swift */ = {isa = PBXFileReference; lastKnownFileType = sourcecode.swift; path = SceneDelegate.swift; sourceTree = "<group>"; };
		CC24D9B92760B72600B2529B /* ViewController.swift */ = {isa = PBXFileReference; lastKnownFileType = sourcecode.swift; path = ViewController.swift; sourceTree = "<group>"; };
		CC24D9BC2760B72600B2529B /* Base */ = {isa = PBXFileReference; lastKnownFileType = file.storyboard; name = Base; path = Base.lproj/Main.storyboard; sourceTree = "<group>"; };
		CC24D9BE2760B72700B2529B /* Assets.xcassets */ = {isa = PBXFileReference; lastKnownFileType = folder.assetcatalog; path = Assets.xcassets; sourceTree = "<group>"; };
		CC24D9C12760B72700B2529B /* Base */ = {isa = PBXFileReference; lastKnownFileType = file.storyboard; name = Base; path = Base.lproj/LaunchScreen.storyboard; sourceTree = "<group>"; };
		CC24D9C32760B72700B2529B /* Info.plist */ = {isa = PBXFileReference; lastKnownFileType = text.plist.xml; path = Info.plist; sourceTree = "<group>"; };
		CC24D9C82760B72800B2529B /* BinaryCounterTests.xctest */ = {isa = PBXFileReference; explicitFileType = wrapper.cfbundle; includeInIndex = 0; path = BinaryCounterTests.xctest; sourceTree = BUILT_PRODUCTS_DIR; };
		CC24D9CC2760B72800B2529B /* BinaryCounterTests.swift */ = {isa = PBXFileReference; lastKnownFileType = sourcecode.swift; path = BinaryCounterTests.swift; sourceTree = "<group>"; };
		CC24D9D22760B72800B2529B /* BinaryCounterUITests.xctest */ = {isa = PBXFileReference; explicitFileType = wrapper.cfbundle; includeInIndex = 0; path = BinaryCounterUITests.xctest; sourceTree = BUILT_PRODUCTS_DIR; };
		CC24D9D62760B72800B2529B /* BinaryCounterUITests.swift */ = {isa = PBXFileReference; lastKnownFileType = sourcecode.swift; path = BinaryCounterUITests.swift; sourceTree = "<group>"; };
		CC24D9D82760B72800B2529B /* BinaryCounterUITestsLaunchTests.swift */ = {isa = PBXFileReference; lastKnownFileType = sourcecode.swift; path = BinaryCounterUITestsLaunchTests.swift; sourceTree = "<group>"; };
		CC24D9E62760BA8900B2529B /* BinaryTableViewCell.swift */ = {isa = PBXFileReference; lastKnownFileType = sourcecode.swift; path = BinaryTableViewCell.swift; sourceTree = "<group>"; };
		CC24D9E82760BF5100B2529B /* BinaryCellDelegate.swift */ = {isa = PBXFileReference; lastKnownFileType = sourcecode.swift; path = BinaryCellDelegate.swift; sourceTree = "<group>"; };
/* End PBXFileReference section */

/* Begin PBXFrameworksBuildPhase section */
		CC24D9AF2760B72600B2529B /* Frameworks */ = {
			isa = PBXFrameworksBuildPhase;
			buildActionMask = 2147483647;
			files = (
			);
			runOnlyForDeploymentPostprocessing = 0;
		};
		CC24D9C52760B72800B2529B /* Frameworks */ = {
			isa = PBXFrameworksBuildPhase;
			buildActionMask = 2147483647;
			files = (
			);
			runOnlyForDeploymentPostprocessing = 0;
		};
		CC24D9CF2760B72800B2529B /* Frameworks */ = {
			isa = PBXFrameworksBuildPhase;
			buildActionMask = 2147483647;
			files = (
			);
			runOnlyForDeploymentPostprocessing = 0;
		};
/* End PBXFrameworksBuildPhase section */

/* Begin PBXGroup section */
		CC24D9A92760B72600B2529B = {
			isa = PBXGroup;
			children = (
				CC24D9B42760B72600B2529B /* BinaryCounter */,
				CC24D9CB2760B72800B2529B /* BinaryCounterTests */,
				CC24D9D52760B72800B2529B /* BinaryCounterUITests */,
				CC24D9B32760B72600B2529B /* Products */,
			);
			sourceTree = "<group>";
		};
		CC24D9B32760B72600B2529B /* Products */ = {
			isa = PBXGroup;
			children = (
				CC24D9B22760B72600B2529B /* BinaryCounter.app */,
				CC24D9C82760B72800B2529B /* BinaryCounterTests.xctest */,
				CC24D9D22760B72800B2529B /* BinaryCounterUITests.xctest */,
			);
			name = Products;
			sourceTree = "<group>";
		};
		CC24D9B42760B72600B2529B /* BinaryCounter */ = {
			isa = PBXGroup;
			children = (
				CC24D9E52760BA6500B2529B /* models */,
				CC24D9B52760B72600B2529B /* AppDelegate.swift */,
				CC24D9B72760B72600B2529B /* SceneDelegate.swift */,
				CC24D9B92760B72600B2529B /* ViewController.swift */,
				CC24D9BB2760B72600B2529B /* Main.storyboard */,
				CC24D9BE2760B72700B2529B /* Assets.xcassets */,
				CC24D9C02760B72700B2529B /* LaunchScreen.storyboard */,
				CC24D9C32760B72700B2529B /* Info.plist */,
			);
			path = BinaryCounter;
			sourceTree = "<group>";
		};
		CC24D9CB2760B72800B2529B /* BinaryCounterTests */ = {
			isa = PBXGroup;
			children = (
				CC24D9CC2760B72800B2529B /* BinaryCounterTests.swift */,
			);
			path = BinaryCounterTests;
			sourceTree = "<group>";
		};
		CC24D9D52760B72800B2529B /* BinaryCounterUITests */ = {
			isa = PBXGroup;
			children = (
				CC24D9D62760B72800B2529B /* BinaryCounterUITests.swift */,
				CC24D9D82760B72800B2529B /* BinaryCounterUITestsLaunchTests.swift */,
			);
			path = BinaryCounterUITests;
			sourceTree = "<group>";
		};
		CC24D9E52760BA6500B2529B /* models */ = {
			isa = PBXGroup;
			children = (
				CC24D9E62760BA8900B2529B /* BinaryTableViewCell.swift */,
				CC24D9E82760BF5100B2529B /* BinaryCellDelegate.swift */,
			);
			path = models;
			sourceTree = "<group>";
		};
/* End PBXGroup section */

/* Begin PBXNativeTarget section */
		CC24D9B12760B72600B2529B /* BinaryCounter */ = {
			isa = PBXNativeTarget;
			buildConfigurationList = CC24D9DC2760B72800B2529B /* Build configuration list for PBXNativeTarget "BinaryCounter" */;
			buildPhases = (
				CC24D9AE2760B72600B2529B /* Sources */,
				CC24D9AF2760B72600B2529B /* Frameworks */,
				CC24D9B02760B72600B2529B /* Resources */,
			);
			buildRules = (
			);
			dependencies = (
			);
			name = BinaryCounter;
			productName = BinaryCounter;
			productReference = CC24D9B22760B72600B2529B /* BinaryCounter.app */;
			productType = "com.apple.product-type.application";
		};
		CC24D9C72760B72800B2529B /* BinaryCounterTests */ = {
			isa = PBXNativeTarget;
			buildConfigurationList = CC24D9DF2760B72800B2529B /* Build configuration list for PBXNativeTarget "BinaryCounterTests" */;
			buildPhases = (
				CC24D9C42760B72800B2529B /* Sources */,
				CC24D9C52760B72800B2529B /* Frameworks */,
				CC24D9C62760B72800B2529B /* Resources */,
			);
			buildRules = (
			);
			dependencies = (
				CC24D9CA2760B72800B2529B /* PBXTargetDependency */,
			);
			name = BinaryCounterTests;
			productName = BinaryCounterTests;
			productReference = CC24D9C82760B72800B2529B /* BinaryCounterTests.xctest */;
			productType = "com.apple.product-type.bundle.unit-test";
		};
		CC24D9D12760B72800B2529B /* BinaryCounterUITests */ = {
			isa = PBXNativeTarget;
			buildConfigurationList = CC24D9E22760B72800B2529B /* Build configuration list for PBXNativeTarget "BinaryCounterUITests" */;
			buildPhases = (
				CC24D9CE2760B72800B2529B /* Sources */,
				CC24D9CF2760B72800B2529B /* Frameworks */,
				CC24D9D02760B72800B2529B /* Resources */,
			);
			buildRules = (
			);
			dependencies = (
				CC24D9D42760B72800B2529B /* PBXTargetDependency */,
			);
			name = BinaryCounterUITests;
			productName = BinaryCounterUITests;
			productReference = CC24D9D22760B72800B2529B /* BinaryCounterUITests.xctest */;
			productType = "com.apple.product-type.bundle.ui-testing";
		};
/* End PBXNativeTarget section */

/* Begin PBXProject section */
		CC24D9AA2760B72600B2529B /* Project object */ = {
			isa = PBXProject;
			attributes = {
				BuildIndependentTargetsInParallel = 1;
				LastSwiftUpdateCheck = 1310;
				LastUpgradeCheck = 1310;
				TargetAttributes = {
					CC24D9B12760B72600B2529B = {
						CreatedOnToolsVersion = 13.1;
					};
					CC24D9C72760B72800B2529B = {
						CreatedOnToolsVersion = 13.1;
						TestTargetID = CC24D9B12760B72600B2529B;
					};
					CC24D9D12760B72800B2529B = {
						CreatedOnToolsVersion = 13.1;
						TestTargetID = CC24D9B12760B72600B2529B;
					};
				};
			};
			buildConfigurationList = CC24D9AD2760B72600B2529B /* Build configuration list for PBXProject "BinaryCounter" */;
			compatibilityVersion = "Xcode 13.0";
			developmentRegion = en;
			hasScannedForEncodings = 0;
			knownRegions = (
				en,
				Base,
			);
			mainGroup = CC24D9A92760B72600B2529B;
			productRefGroup = CC24D9B32760B72600B2529B /* Products */;
			projectDirPath = "";
			projectRoot = "";
			targets = (
				CC24D9B12760B72600B2529B /* BinaryCounter */,
				CC24D9C72760B72800B2529B /* BinaryCounterTests */,
				CC24D9D12760B72800B2529B /* BinaryCounterUITests */,
			);
		};
/* End PBXProject section */

/* Begin PBXResourcesBuildPhase section */
		CC24D9B02760B72600B2529B /* Resources */ = {
			isa = PBXResourcesBuildPhase;
			buildActionMask = 2147483647;
			files = (
				CC24D9C22760B72700B2529B /* LaunchScreen.storyboard in Resources */,
				CC24D9BF2760B72700B2529B /* Assets.xcassets in Resources */,
				CC24D9BD2760B72600B2529B /* Main.storyboard in Resources */,
			);
			runOnlyForDeploymentPostprocessing = 0;
		};
		CC24D9C62760B72800B2529B /* Resources */ = {
			isa = PBXResourcesBuildPhase;
			buildActionMask = 2147483647;
			files = (
			);
			runOnlyForDeploymentPostprocessing = 0;
		};
		CC24D9D02760B72800B2529B /* Resources */ = {
			isa = PBXResourcesBuildPhase;
			buildActionMask = 2147483647;
			files = (
			);
			runOnlyForDeploymentPostprocessing = 0;
		};
/* End PBXResourcesBuildPhase section */

/* Begin PBXSourcesBuildPhase section */
		CC24D9AE2760B72600B2529B /* Sources */ = {
			isa = PBXSourcesBuildPhase;
			buildActionMask = 2147483647;
			files = (
				CC24D9E72760BA8900B2529B /* BinaryTableViewCell.swift in Sources */,
				CC24D9E92760BF5100B2529B /* BinaryCellDelegate.swift in Sources */,
				CC24D9BA2760B72600B2529B /* ViewController.swift in Sources */,
				CC24D9B62760B72600B2529B /* AppDelegate.swift in Sources */,
				CC24D9B82760B72600B2529B /* SceneDelegate.swift in Sources */,
			);
			runOnlyForDeploymentPostprocessing = 0;
		};
		CC24D9C42760B72800B2529B /* Sources */ = {
			isa = PBXSourcesBuildPhase;
			buildActionMask = 2147483647;
			files = (
				CC24D9CD2760B72800B2529B /* BinaryCounterTests.swift in Sources */,
			);
			runOnlyForDeploymentPostprocessing = 0;
		};
		CC24D9CE2760B72800B2529B /* Sources */ = {
			isa = PBXSourcesBuildPhase;
			buildActionMask = 2147483647;
			files = (
				CC24D9D92760B72800B2529B /* BinaryCounterUITestsLaunchTests.swift in Sources */,
				CC24D9D72760B72800B2529B /* BinaryCounterUITests.swift in Sources */,
			);
			runOnlyForDeploymentPostprocessing = 0;
		};
/* End PBXSourcesBuildPhase section */

/* Begin PBXTargetDependency section */
		CC24D9CA2760B72800B2529B /* PBXTargetDependency */ = {
			isa = PBXTargetDependency;
			target = CC24D9B12760B72600B2529B /* BinaryCounter */;
			targetProxy = CC24D9C92760B72800B2529B /* PBXContainerItemProxy */;
		};
		CC24D9D42760B72800B2529B /* PBXTargetDependency */ = {
			isa = PBXTargetDependency;
			target = CC24D9B12760B72600B2529B /* BinaryCounter */;
			targetProxy = CC24D9D32760B72800B2529B /* PBXContainerItemProxy */;
		};
/* End PBXTargetDependency section */

/* Begin PBXVariantGroup section */
		CC24D9BB2760B72600B2529B /* Main.storyboard */ = {
			isa = PBXVariantGroup;
			children = (
				CC24D9BC2760B72600B2529B /* Base */,
			);
			name = Main.storyboard;
			sourceTree = "<group>";
		};
		CC24D9C02760B72700B2529B /* LaunchScreen.storyboard */ = {
			isa = PBXVariantGroup;
			children = (
				CC24D9C12760B72700B2529B /* Base */,
			);
			name = LaunchScreen.storyboard;
			sourceTree = "<group>";
		};
/* End PBXVariantGroup section */

/* Begin XCBuildConfiguration section */
		CC24D9DA2760B72800B2529B /* Debug */ = {
			isa = XCBuildConfiguration;
			buildSettings = {
				ALWAYS_SEARCH_USER_PATHS = NO;
				CLANG_ANALYZER_NONNULL = YES;
				CLANG_ANALYZER_NUMBER_OBJECT_CONVERSION = YES_AGGRESSIVE;
				CLANG_CXX_LANGUAGE_STANDARD = "gnu++17";
				CLANG_CXX_LIBRARY = "libc++";
				CLANG_ENABLE_MODULES = YES;
				CLANG_ENABLE_OBJC_ARC = YES;
				CLANG_ENABLE_OBJC_WEAK = YES;
				CLANG_WARN_BLOCK_CAPTURE_AUTORELEASING = YES;
				CLANG_WARN_BOOL_CONVERSION = YES;
				CLANG_WARN_COMMA = YES;
				CLANG_WARN_CONSTANT_CONVERSION = YES;
				CLANG_WARN_DEPRECATED_OBJC_IMPLEMENTATIONS = YES;
				CLANG_WARN_DIRECT_OBJC_ISA_USAGE = YES_ERROR;
				CLANG_WARN_DOCUMENTATION_COMMENTS = YES;
				CLANG_WARN_EMPTY_BODY = YES;
				CLANG_WARN_ENUM_CONVERSION = YES;
				CLANG_WARN_INFINITE_RECURSION = YES;
				CLANG_WARN_INT_CONVERSION = YES;
				CLANG_WARN_NON_LITERAL_NULL_CONVERSION = YES;
				CLANG_WARN_OBJC_IMPLICIT_RETAIN_SELF = YES;
				CLANG_WARN_OBJC_LITERAL_CONVERSION = YES;
				CLANG_WARN_OBJC_ROOT_CLASS = YES_ERROR;
				CLANG_WARN_QUOTED_INCLUDE_IN_FRAMEWORK_HEADER = YES;
				CLANG_WARN_RANGE_LOOP_ANALYSIS = YES;
				CLANG_WARN_STRICT_PROTOTYPES = YES;
				CLANG_WARN_SUSPICIOUS_MOVE = YES;
				CLANG_WARN_UNGUARDED_AVAILABILITY = YES_AGGRESSIVE;
				CLANG_WARN_UNREACHABLE_CODE = YES;
				CLANG_WARN__DUPLICATE_METHOD_MATCH = YES;
				COPY_PHASE_STRIP = NO;
				DEBUG_INFORMATION_FORMAT = dwarf;
				ENABLE_STRICT_OBJC_MSGSEND = YES;
				ENABLE_TESTABILITY = YES;
				GCC_C_LANGUAGE_STANDARD = gnu11;
				GCC_DYNAMIC_NO_PIC = NO;
				GCC_NO_COMMON_BLOCKS = YES;
				GCC_OPTIMIZATION_LEVEL = 0;
				GCC_PREPROCESSOR_DEFINITIONS = (
					"DEBUG=1",
					"$(inherited)",
				);
				GCC_WARN_64_TO_32_BIT_CONVERSION = YES;
				GCC_WARN_ABOUT_RETURN_TYPE = YES_ERROR;
				GCC_WARN_UNDECLARED_SELECTOR = YES;
				GCC_WARN_UNINITIALIZED_AUTOS = YES_AGGRESSIVE;
				GCC_WARN_UNUSED_FUNCTION = YES;
				GCC_WARN_UNUSED_VARIABLE = YES;
				IPHONEOS_DEPLOYMENT_TARGET = 15.0;
				MTL_ENABLE_DEBUG_INFO = INCLUDE_SOURCE;
				MTL_FAST_MATH = YES;
				ONLY_ACTIVE_ARCH = YES;
				SDKROOT = iphoneos;
				SWIFT_ACTIVE_COMPILATION_CONDITIONS = DEBUG;
				SWIFT_OPTIMIZATION_LEVEL = "-Onone";
			};
			name = Debug;
		};
		CC24D9DB2760B72800B2529B /* Release */ = {
			isa = XCBuildConfiguration;
			buildSettings = {
				ALWAYS_SEARCH_USER_PATHS = NO;
				CLANG_ANALYZER_NONNULL = YES;
				CLANG_ANALYZER_NUMBER_OBJECT_CONVERSION = YES_AGGRESSIVE;
				CLANG_CXX_LANGUAGE_STANDARD = "gnu++17";
				CLANG_CXX_LIBRARY = "libc++";
				CLANG_ENABLE_MODULES = YES;
				CLANG_ENABLE_OBJC_ARC = YES;
				CLANG_ENABLE_OBJC_WEAK = YES;
				CLANG_WARN_BLOCK_CAPTURE_AUTORELEASING = YES;
				CLANG_WARN_BOOL_CONVERSION = YES;
				CLANG_WARN_COMMA = YES;
				CLANG_WARN_CONSTANT_CONVERSION = YES;
				CLANG_WARN_DEPRECATED_OBJC_IMPLEMENTATIONS = YES;
				CLANG_WARN_DIRECT_OBJC_ISA_USAGE = YES_ERROR;
				CLANG_WARN_DOCUMENTATION_COMMENTS = YES;
				CLANG_WARN_EMPTY_BODY = YES;
				CLANG_WARN_ENUM_CONVERSION = YES;
				CLANG_WARN_INFINITE_RECURSION = YES;
				CLANG_WARN_INT_CONVERSION = YES;
				CLANG_WARN_NON_LITERAL_NULL_CONVERSION = YES;
				CLANG_WARN_OBJC_IMPLICIT_RETAIN_SELF = YES;
				CLANG_WARN_OBJC_LITERAL_CONVERSION = YES;
				CLANG_WARN_OBJC_ROOT_CLASS = YES_ERROR;
				CLANG_WARN_QUOTED_INCLUDE_IN_FRAMEWORK_HEADER = YES;
				CLANG_WARN_RANGE_LOOP_ANALYSIS = YES;
				CLANG_WARN_STRICT_PROTOTYPES = YES;
				CLANG_WARN_SUSPICIOUS_MOVE = YES;
				CLANG_WARN_UNGUARDED_AVAILABILITY = YES_AGGRESSIVE;
				CLANG_WARN_UNREACHABLE_CODE = YES;
				CLANG_WARN__DUPLICATE_METHOD_MATCH = YES;
				COPY_PHASE_STRIP = NO;
				DEBUG_INFORMATION_FORMAT = "dwarf-with-dsym";
				ENABLE_NS_ASSERTIONS = NO;
				ENABLE_STRICT_OBJC_MSGSEND = YES;
				GCC_C_LANGUAGE_STANDARD = gnu11;
				GCC_NO_COMMON_BLOCKS = YES;
				GCC_WARN_64_TO_32_BIT_CONVERSION = YES;
				GCC_WARN_ABOUT_RETURN_TYPE = YES_ERROR;
				GCC_WARN_UNDECLARED_SELECTOR = YES;
				GCC_WARN_UNINITIALIZED_AUTOS = YES_AGGRESSIVE;
				GCC_WARN_UNUSED_FUNCTION = YES;
				GCC_WARN_UNUSED_VARIABLE = YES;
				IPHONEOS_DEPLOYMENT_TARGET = 15.0;
				MTL_ENABLE_DEBUG_INFO = NO;
				MTL_FAST_MATH = YES;
				SDKROOT = iphoneos;
				SWIFT_COMPILATION_MODE = wholemodule;
				SWIFT_OPTIMIZATION_LEVEL = "-O";
				VALIDATE_PRODUCT = YES;
			};
			name = Release;
		};
		CC24D9DD2760B72800B2529B /* Debug */ = {
			isa = XCBuildConfiguration;
			buildSettings = {
				ASSETCATALOG_COMPILER_APPICON_NAME = AppIcon;
				ASSETCATALOG_COMPILER_GLOBAL_ACCENT_COLOR_NAME = AccentColor;
				CODE_SIGN_STYLE = Automatic;
				CURRENT_PROJECT_VERSION = 1;
				DEVELOPMENT_TEAM = YSX47LJT9G;
				GENERATE_INFOPLIST_FILE = YES;
				INFOPLIST_FILE = BinaryCounter/Info.plist;
				INFOPLIST_KEY_UIApplicationSupportsIndirectInputEvents = YES;
				INFOPLIST_KEY_UILaunchStoryboardName = LaunchScreen;
				INFOPLIST_KEY_UIMainStoryboardFile = Main;
				INFOPLIST_KEY_UISupportedInterfaceOrientations_iPad = "UIInterfaceOrientationPortrait UIInterfaceOrientationPortraitUpsideDown UIInterfaceOrientationLandscapeLeft UIInterfaceOrientationLandscapeRight";
				INFOPLIST_KEY_UISupportedInterfaceOrientations_iPhone = "UIInterfaceOrientationPortrait UIInterfaceOrientationLandscapeLeft UIInterfaceOrientationLandscapeRight";
				LD_RUNPATH_SEARCH_PATHS = (
					"$(inherited)",
					"@executable_path/Frameworks",
				);
				MARKETING_VERSION = 1.0;
				PRODUCT_BUNDLE_IDENTIFIER = wishStar.BinaryCounter;
				PRODUCT_NAME = "$(TARGET_NAME)";
				SWIFT_EMIT_LOC_STRINGS = YES;
				SWIFT_VERSION = 5.0;
				TARGETED_DEVICE_FAMILY = "1,2";
			};
			name = Debug;
		};
		CC24D9DE2760B72800B2529B /* Release */ = {
			isa = XCBuildConfiguration;
			buildSettings = {
				ASSETCATALOG_COMPILER_APPICON_NAME = AppIcon;
				ASSETCATALOG_COMPILER_GLOBAL_ACCENT_COLOR_NAME = AccentColor;
				CODE_SIGN_STYLE = Automatic;
				CURRENT_PROJECT_VERSION = 1;
				DEVELOPMENT_TEAM = YSX47LJT9G;
				GENERATE_INFOPLIST_FILE = YES;
				INFOPLIST_FILE = BinaryCounter/Info.plist;
				INFOPLIST_KEY_UIApplicationSupportsIndirectInputEvents = YES;
				INFOPLIST_KEY_UILaunchStoryboardName = LaunchScreen;
				INFOPLIST_KEY_UIMainStoryboardFile = Main;
				INFOPLIST_KEY_UISupportedInterfaceOrientations_iPad = "UIInterfaceOrientationPortrait UIInterfaceOrientationPortraitUpsideDown UIInterfaceOrientationLandscapeLeft UIInterfaceOrientationLandscapeRight";
				INFOPLIST_KEY_UISupportedInterfaceOrientations_iPhone = "UIInterfaceOrientationPortrait UIInterfaceOrientationLandscapeLeft UIInterfaceOrientationLandscapeRight";
				LD_RUNPATH_SEARCH_PATHS = (
					"$(inherited)",
					"@executable_path/Frameworks",
				);
				MARKETING_VERSION = 1.0;
				PRODUCT_BUNDLE_IDENTIFIER = wishStar.BinaryCounter;
				PRODUCT_NAME = "$(TARGET_NAME)";
				SWIFT_EMIT_LOC_STRINGS = YES;
				SWIFT_VERSION = 5.0;
				TARGETED_DEVICE_FAMILY = "1,2";
			};
			name = Release;
		};
		CC24D9E02760B72800B2529B /* Debug */ = {
			isa = XCBuildConfiguration;
			buildSettings = {
				ALWAYS_EMBED_SWIFT_STANDARD_LIBRARIES = YES;
				BUNDLE_LOADER = "$(TEST_HOST)";
				CODE_SIGN_STYLE = Automatic;
				CURRENT_PROJECT_VERSION = 1;
				DEVELOPMENT_TEAM = YSX47LJT9G;
				GENERATE_INFOPLIST_FILE = YES;
				IPHONEOS_DEPLOYMENT_TARGET = 15.0;
				LD_RUNPATH_SEARCH_PATHS = (
					"$(inherited)",
					"@executable_path/Frameworks",
					"@loader_path/Frameworks",
				);
				MARKETING_VERSION = 1.0;
				PRODUCT_BUNDLE_IDENTIFIER = wishStar.BinaryCounterTests;
				PRODUCT_NAME = "$(TARGET_NAME)";
				SWIFT_EMIT_LOC_STRINGS = NO;
				SWIFT_VERSION = 5.0;
				TARGETED_DEVICE_FAMILY = "1,2";
				TEST_HOST = "$(BUILT_PRODUCTS_DIR)/BinaryCounter.app/BinaryCounter";
			};
			name = Debug;
		};
		CC24D9E12760B72800B2529B /* Release */ = {
			isa = XCBuildConfiguration;
			buildSettings = {
				ALWAYS_EMBED_SWIFT_STANDARD_LIBRARIES = YES;
				BUNDLE_LOADER = "$(TEST_HOST)";
				CODE_SIGN_STYLE = Automatic;
				CURRENT_PROJECT_VERSION = 1;
				DEVELOPMENT_TEAM = YSX47LJT9G;
				GENERATE_INFOPLIST_FILE = YES;
				IPHONEOS_DEPLOYMENT_TARGET = 15.0;
				LD_RUNPATH_SEARCH_PATHS = (
					"$(inherited)",
					"@executable_path/Frameworks",
					"@loader_path/Frameworks",
				);
				MARKETING_VERSION = 1.0;
				PRODUCT_BUNDLE_IDENTIFIER = wishStar.BinaryCounterTests;
				PRODUCT_NAME = "$(TARGET_NAME)";
				SWIFT_EMIT_LOC_STRINGS = NO;
				SWIFT_VERSION = 5.0;
				TARGETED_DEVICE_FAMILY = "1,2";
				TEST_HOST = "$(BUILT_PRODUCTS_DIR)/BinaryCounter.app/BinaryCounter";
			};
			name = Release;
		};
		CC24D9E32760B72800B2529B /* Debug */ = {
			isa = XCBuildConfiguration;
			buildSettings = {
				ALWAYS_EMBED_SWIFT_STANDARD_LIBRARIES = YES;
				CODE_SIGN_STYLE = Automatic;
				CURRENT_PROJECT_VERSION = 1;
				DEVELOPMENT_TEAM = YSX47LJT9G;
				GENERATE_INFOPLIST_FILE = YES;
				LD_RUNPATH_SEARCH_PATHS = (
					"$(inherited)",
					"@executable_path/Frameworks",
					"@loader_path/Frameworks",
				);
				MARKETING_VERSION = 1.0;
				PRODUCT_BUNDLE_IDENTIFIER = wishStar.BinaryCounterUITests;
				PRODUCT_NAME = "$(TARGET_NAME)";
				SWIFT_EMIT_LOC_STRINGS = NO;
				SWIFT_VERSION = 5.0;
				TARGETED_DEVICE_FAMILY = "1,2";
				TEST_TARGET_NAME = BinaryCounter;
			};
			name = Debug;
		};
		CC24D9E42760B72800B2529B /* Release */ = {
			isa = XCBuildConfiguration;
			buildSettings = {
				ALWAYS_EMBED_SWIFT_STANDARD_LIBRARIES = YES;
				CODE_SIGN_STYLE = Automatic;
				CURRENT_PROJECT_VERSION = 1;
				DEVELOPMENT_TEAM = YSX47LJT9G;
				GENERATE_INFOPLIST_FILE = YES;
				LD_RUNPATH_SEARCH_PATHS = (
					"$(inherited)",
					"@executable_path/Frameworks",
					"@loader_path/Frameworks",
				);
				MARKETING_VERSION = 1.0;
				PRODUCT_BUNDLE_IDENTIFIER = wishStar.BinaryCounterUITests;
				PRODUCT_NAME = "$(TARGET_NAME)";
				SWIFT_EMIT_LOC_STRINGS = NO;
				SWIFT_VERSION = 5.0;
				TARGETED_DEVICE_FAMILY = "1,2";
				TEST_TARGET_NAME = BinaryCounter;
			};
			name = Release;
		};
/* End XCBuildConfiguration section */

/* Begin XCConfigurationList section */
		CC24D9AD2760B72600B2529B /* Build configuration list for PBXProject "BinaryCounter" */ = {
			isa = XCConfigurationList;
			buildConfigurations = (
				CC24D9DA2760B72800B2529B /* Debug */,
				CC24D9DB2760B72800B2529B /* Release */,
			);
			defaultConfigurationIsVisible = 0;
			defaultConfigurationName = Release;
		};
		CC24D9DC2760B72800B2529B /* Build configuration list for PBXNativeTarget "BinaryCounter" */ = {
			isa = XCConfigurationList;
			buildConfigurations = (
				CC24D9DD2760B72800B2529B /* Debug */,
				CC24D9DE2760B72800B2529B /* Release */,
			);
			defaultConfigurationIsVisible = 0;
			defaultConfigurationName = Release;
		};
		CC24D9DF2760B72800B2529B /* Build configuration list for PBXNativeTarget "BinaryCounterTests" */ = {
			isa = XCConfigurationList;
			buildConfigurations = (
				CC24D9E02760B72800B2529B /* Debug */,
				CC24D9E12760B72800B2529B /* Release */,
			);
			defaultConfigurationIsVisible = 0;
			defaultConfigurationName = Release;
		};
		CC24D9E22760B72800B2529B /* Build configuration list for PBXNativeTarget "BinaryCounterUITests" */ = {
			isa = XCConfigurationList;
			buildConfigurations = (
				CC24D9E32760B72800B2529B /* Debug */,
				CC24D9E42760B72800B2529B /* Release */,
			);
			defaultConfigurationIsVisible = 0;
			defaultConfigurationName = Release;
		};
/* End XCConfigurationList section */
	};
	rootObject = CC24D9AA2760B72600B2529B /* Project object */;
}
